
Microsoft Visual Studio Solution File, Format Version 9.00
# Visual Studio 2005
Project("{FAE04EC0-301F-11D3-BF4B-00C04F79EFBC}") = "BouyomiChanSample", "BouyomiChanSample\BouyomiChanSample.csproj", "{74EEE40E-AB54-4B80-9A3E-87711C07F128}"
EndProject
Global
	GlobalSection(SolutionConfigurationPlatforms) = preSolution
		Debug|Any CPU = Debug|Any CPU
		Release|Any CPU = Release|Any CPU
	EndGlobalSection
	GlobalSection(ProjectConfigurationPlatforms) = postSolution
		{74EEE40E-AB54-4B80-9A3E-87711C07F128}.Debug|Any CPU.ActiveCfg = Debug|Any CPU
		{74EEE40E-AB54-4B80-9A3E-87711C07F128}.Debug|Any CPU.Build.0 = Debug|Any CPU
		{74EEE40E-AB54-4B80-9A3E-87711C07F128}.Release|Any CPU.ActiveCfg = Release|Any CPU
		{74EEE40E-AB54-4B80-9A3E-87711C07F128}.Release|Any CPU.Build.0 = Release|Any CPU
	EndGlobalSection
	GlobalSection(SolutionProperties) = preSolution
		HideSolutionNode = FALSE
	EndGlobalSection
EndGlobal
